
Microsoft Visual Studio Solution File, Format Version 12.00
# Visual Studio Version 16
VisualStudioVersion = 16.0.30225.117
MinimumVisualStudioVersion = 10.0.40219.1
Project("{FAE04EC0-301F-11D3-BF4B-00C04F79EFBC}") = "NightmareDetection", "NightmareDetection\NightmareDetection.csproj", "{0F094482-5DCE-4BD1-A52A-D07EFD058CB1}"
EndProject
Global
	GlobalSection(SolutionConfigurationPlatforms) = preSolution
		Debug|Any CPU = Debug|Any CPU
		Release|Any CPU = Release|Any CPU
	EndGlobalSection
	GlobalSection(ProjectConfigurationPlatforms) = postSolution
		{0F094482-5DCE-4BD1-A52A-D07EFD058CB1}.Debug|Any CPU.ActiveCfg = Debug|Any CPU
		{0F094482-5DCE-4BD1-A52A-D07EFD058CB1}.Debug|Any CPU.Build.0 = Debug|Any CPU
		{0F094482-5DCE-4BD1-A52A-D07EFD058CB1}.Release|Any CPU.ActiveCfg = Release|Any CPU
		{0F094482-5DCE-4BD1-A52A-D07EFD058CB1}.Release|Any CPU.Build.0 = Release|Any CPU
	EndGlobalSection
	GlobalSection(SolutionProperties) = preSolution
		HideSolutionNode = FALSE
	EndGlobalSection
	GlobalSection(ExtensibilityGlobals) = postSolution
		SolutionGuid = {34E637E6-9460-4E21-B5F4-8A23101918A6}
	EndGlobalSection
EndGlobal
